
Microsoft Visual Studio Solution File, Format Version 12.00
# Visual Studio Version 16
VisualStudioVersion = 16.0.31005.135
MinimumVisualStudioVersion = 10.0.40219.1
Project("{9A19103F-16F7-4668-BE54-9A1E7A4F7556}") = "Questao1", "Questao1\Questao1.csproj", "{C6011652-F521-49CC-8643-BBDF1EBE925D}"
EndProject
Project("{9A19103F-16F7-4668-BE54-9A1E7A4F7556}") = "Questao2", "Questao2\Questao2.csproj", "{23DCA981-B8A0-44DC-9697-6A9FD2A2D33E}"
EndProject
Project("{9A19103F-16F7-4668-BE54-9A1E7A4F7556}") = "Questao3", "Questao3\Questao3.csproj", "{9C3F2C48-EAA8-4546-8883-35BE75E06EC6}"
EndProject
Project("{9A19103F-16F7-4668-BE54-9A1E7A4F7556}") = "DesafioAPI", "DesafioAPI\DesafioAPI.csproj", "{A5721319-B439-46B1-A09C-B9EBDFE38DF2}"
EndProject
Project("{FAE04EC0-301F-11D3-BF4B-00C04F79EFBC}") = "Questao4", "Questao4\Questao4.csproj", "{6DAAB29D-392F-4193-99BE-6D38E5EED3ED}"
EndProject
Global
	GlobalSection(SolutionConfigurationPlatforms) = preSolution
		Debug|Any CPU = Debug|Any CPU
		Release|Any CPU = Release|Any CPU
	EndGlobalSection
	GlobalSection(ProjectConfigurationPlatforms) = postSolution
		{C6011652-F521-49CC-8643-BBDF1EBE925D}.Debug|Any CPU.ActiveCfg = Debug|Any CPU
		{C6011652-F521-49CC-8643-BBDF1EBE925D}.Debug|Any CPU.Build.0 = Debug|Any CPU
		{C6011652-F521-49CC-8643-BBDF1EBE925D}.Release|Any CPU.ActiveCfg = Release|Any CPU
		{C6011652-F521-49CC-8643-BBDF1EBE925D}.Release|Any CPU.Build.0 = Release|Any CPU
		{23DCA981-B8A0-44DC-9697-6A9FD2A2D33E}.Debug|Any CPU.ActiveCfg = Debug|Any CPU
		{23DCA981-B8A0-44DC-9697-6A9FD2A2D33E}.Debug|Any CPU.Build.0 = Debug|Any CPU
		{23DCA981-B8A0-44DC-9697-6A9FD2A2D33E}.Release|Any CPU.ActiveCfg = Release|Any CPU
		{23DCA981-B8A0-44DC-9697-6A9FD2A2D33E}.Release|Any CPU.Build.0 = Release|Any CPU
		{9C3F2C48-EAA8-4546-8883-35BE75E06EC6}.Debug|Any CPU.ActiveCfg = Debug|Any CPU
		{9C3F2C48-EAA8-4546-8883-35BE75E06EC6}.Debug|Any CPU.Build.0 = Debug|Any CPU
		{9C3F2C48-EAA8-4546-8883-35BE75E06EC6}.Release|Any CPU.ActiveCfg = Release|Any CPU
		{9C3F2C48-EAA8-4546-8883-35BE75E06EC6}.Release|Any CPU.Build.0 = Release|Any CPU
		{A5721319-B439-46B1-A09C-B9EBDFE38DF2}.Debug|Any CPU.ActiveCfg = Debug|Any CPU
		{A5721319-B439-46B1-A09C-B9EBDFE38DF2}.Debug|Any CPU.Build.0 = Debug|Any CPU
		{A5721319-B439-46B1-A09C-B9EBDFE38DF2}.Release|Any CPU.ActiveCfg = Release|Any CPU
		{A5721319-B439-46B1-A09C-B9EBDFE38DF2}.Release|Any CPU.Build.0 = Release|Any CPU
		{6DAAB29D-392F-4193-99BE-6D38E5EED3ED}.Debug|Any CPU.ActiveCfg = Debug|Any CPU
		{6DAAB29D-392F-4193-99BE-6D38E5EED3ED}.Debug|Any CPU.Build.0 = Debug|Any CPU
		{6DAAB29D-392F-4193-99BE-6D38E5EED3ED}.Release|Any CPU.ActiveCfg = Release|Any CPU
		{6DAAB29D-392F-4193-99BE-6D38E5EED3ED}.Release|Any CPU.Build.0 = Release|Any CPU
	EndGlobalSection
	GlobalSection(SolutionProperties) = preSolution
		HideSolutionNode = FALSE
	EndGlobalSection
	GlobalSection(ExtensibilityGlobals) = postSolution
		SolutionGuid = {5E60711C-57AC-4EA1-BCCC-C8FBD8C04542}
	EndGlobalSection
EndGlobal
